
Microsoft Visual Studio Solution File, Format Version 12.00
# Visual Studio 15
VisualStudioVersion = 15.0.27130.2036
MinimumVisualStudioVersion = 10.0.40219.1
Project("{FAE04EC0-301F-11D3-BF4B-00C04F79EFBC}") = "DiscordBot-WritingArena", "DiscordBot-WritingArena\DiscordBot-WritingArena.csproj", "{0C84B2A0-1944-4281-AFC7-364668E04027}"
EndProject
Global
	GlobalSection(SolutionConfigurationPlatforms) = preSolution
		Debug|Any CPU = Debug|Any CPU
		Release|Any CPU = Release|Any CPU
	EndGlobalSection
	GlobalSection(ProjectConfigurationPlatforms) = postSolution
		{0C84B2A0-1944-4281-AFC7-364668E04027}.Debug|Any CPU.ActiveCfg = Debug|Any CPU
		{0C84B2A0-1944-4281-AFC7-364668E04027}.Debug|Any CPU.Build.0 = Debug|Any CPU
		{0C84B2A0-1944-4281-AFC7-364668E04027}.Release|Any CPU.ActiveCfg = Release|Any CPU
		{0C84B2A0-1944-4281-AFC7-364668E04027}.Release|Any CPU.Build.0 = Release|Any CPU
	EndGlobalSection
	GlobalSection(SolutionProperties) = preSolution
		HideSolutionNode = FALSE
	EndGlobalSection
	GlobalSection(ExtensibilityGlobals) = postSolution
		SolutionGuid = {2B9684A8-DABB-4E04-9444-BC3EF30881CA}
	EndGlobalSection
EndGlobal
